
Microsoft Visual Studio Solution File, Format Version 12.00
# Visual Studio Version 16
VisualStudioVersion = 16.0.31313.79
MinimumVisualStudioVersion = 10.0.40219.1
Project("{FAE04EC0-301F-11D3-BF4B-00C04F79EFBC}") = "PrintScreenWPF", "PrintScreenWPF\PrintScreenWPF.csproj", "{88BF351B-E60D-496B-874D-48DCBE37FD2E}"
EndProject
Project("{FAE04EC0-301F-11D3-BF4B-00C04F79EFBC}") = "ConsoleAppPrScrn", "ConsoleAppPrScrn\ConsoleAppPrScrn.csproj", "{4D3E9F28-ED74-4777-8096-361CC7A32B1A}"
EndProject
Global
	GlobalSection(SolutionConfigurationPlatforms) = preSolution
		Debug|Any CPU = Debug|Any CPU
		Release|Any CPU = Release|Any CPU
	EndGlobalSection
	GlobalSection(ProjectConfigurationPlatforms) = postSolution
		{88BF351B-E60D-496B-874D-48DCBE37FD2E}.Debug|Any CPU.ActiveCfg = Debug|Any CPU
		{88BF351B-E60D-496B-874D-48DCBE37FD2E}.Debug|Any CPU.Build.0 = Debug|Any CPU
		{88BF351B-E60D-496B-874D-48DCBE37FD2E}.Release|Any CPU.ActiveCfg = Release|Any CPU
		{88BF351B-E60D-496B-874D-48DCBE37FD2E}.Release|Any CPU.Build.0 = Release|Any CPU
		{4D3E9F28-ED74-4777-8096-361CC7A32B1A}.Debug|Any CPU.ActiveCfg = Debug|Any CPU
		{4D3E9F28-ED74-4777-8096-361CC7A32B1A}.Debug|Any CPU.Build.0 = Debug|Any CPU
		{4D3E9F28-ED74-4777-8096-361CC7A32B1A}.Release|Any CPU.ActiveCfg = Release|Any CPU
		{4D3E9F28-ED74-4777-8096-361CC7A32B1A}.Release|Any CPU.Build.0 = Release|Any CPU
	EndGlobalSection
	GlobalSection(SolutionProperties) = preSolution
		HideSolutionNode = FALSE
	EndGlobalSection
	GlobalSection(ExtensibilityGlobals) = postSolution
		SolutionGuid = {DA4263B9-DB77-4910-B950-F27A33A081C8}
	EndGlobalSection
EndGlobal
